// !$*UTF8*$!
{
	archiveVersion = 1;
	classes = {
	};
	objectVersion = 50;
	objects = {

/* Begin PBXBuildFile section */
		E45D2D0920F79A8800BD6E8D /* AppDelegate.swift in Sources */ = {isa = PBXBuildFile; fileRef = E45D2D0820F79A8800BD6E8D /* AppDelegate.swift */; };
		E45D2D0B20F79A8800BD6E8D /* ViewController.swift in Sources */ = {isa = PBXBuildFile; fileRef = E45D2D0A20F79A8800BD6E8D /* ViewController.swift */; };
		E45D2D0E20F79A8800BD6E8D /* Main.storyboard in Resources */ = {isa = PBXBuildFile; fileRef = E45D2D0C20F79A8800BD6E8D /* Main.storyboard */; };
		E45D2D1020F79AAE00BD6E8D /* Assets.xcassets in Resources */ = {isa = PBXBuildFile; fileRef = E45D2D0F20F79AAE00BD6E8D /* Assets.xcassets */; };
		E45D2D1320F79AAE00BD6E8D /* LaunchScreen.storyboard in Resources */ = {isa = PBXBuildFile; fileRef = E45D2D1120F79AAE00BD6E8D /* LaunchScreen.storyboard */; };
		E45D2D1E20F79AAF00BD6E8D /* ProjectTests.swift in Sources */ = {isa = PBXBuildFile; fileRef = E45D2D1D20F79AAF00BD6E8D /* ProjectTests.swift */; };
		E45D2D2920F79AAF00BD6E8D /* ProjectUITests.swift in Sources */ = {isa = PBXBuildFile; fileRef = E45D2D2820F79AAF00BD6E8D /* ProjectUITests.swift */; };
/* End PBXBuildFile section */

/* Begin PBXContainerItemProxy section */
		E45D2D1A20F79AAF00BD6E8D /* PBXContainerItemProxy */ = {
			isa = PBXContainerItemProxy;
			containerPortal = E45D2CFD20F79A8700BD6E8D /* Project object */;
			proxyType = 1;
			remoteGlobalIDString = E45D2D0420F79A8700BD6E8D;
			remoteInfo = Project;
		};
		E45D2D2520F79AAF00BD6E8D /* PBXContainerItemProxy */ = {
			isa = PBXContainerItemProxy;
			containerPortal = E45D2CFD20F79A8700BD6E8D /* Project object */;
			proxyType = 1;
			remoteGlobalIDString = E45D2D0420F79A8700BD6E8D;
			remoteInfo = Project;
		};
/* End PBXContainerItemProxy section */

/* Begin PBXFileReference section */
		E45D2D0520F79A8800BD6E8D /* Project.app */ = {isa = PBXFileReference; explicitFileType = wrapper.application; includeInIndex = 0; path = Project.app; sourceTree = BUILT_PRODUCTS_DIR; };
		E45D2D0820F79A8800BD6E8D /* AppDelegate.swift */ = {isa = PBXFileReference; lastKnownFileType = sourcecode.swift; path = AppDelegate.swift; sourceTree = "<group>"; };
		E45D2D0A20F79A8800BD6E8D /* ViewController.swift */ = {isa = PBXFileReference; lastKnownFileType = sourcecode.swift; path = ViewController.swift; sourceTree = "<group>"; };
		E45D2D0D20F79A8800BD6E8D /* Base */ = {isa = PBXFileReference; lastKnownFileType = file.storyboard; name = Base; path = Base.lproj/Main.storyboard; sourceTree = "<group>"; };
		E45D2D0F20F79AAE00BD6E8D /* Assets.xcassets */ = {isa = PBXFileReference; lastKnownFileType = folder.assetcatalog; path = Assets.xcassets; sourceTree = "<group>"; };
		E45D2D1220F79AAE00BD6E8D /* Base */ = {isa = PBXFileReference; lastKnownFileType = file.storyboard; name = Base; path = Base.lproj/LaunchScreen.storyboard; sourceTree = "<group>"; };
		E45D2D1420F79AAE00BD6E8D /* Info.plist */ = {isa = PBXFileReference; lastKnownFileType = text.plist.xml; path = Info.plist; sourceTree = "<group>"; };
		E45D2D1920F79AAF00BD6E8D /* ProjectTests.xctest */ = {isa = PBXFileReference; explicitFileType = wrapper.cfbundle; includeInIndex = 0; path = ProjectTests.xctest; sourceTree = BUILT_PRODUCTS_DIR; };
		E45D2D1D20F79AAF00BD6E8D /* ProjectTests.swift */ = {isa = PBXFileReference; lastKnownFileType = sourcecode.swift; path = ProjectTests.swift; sourceTree = "<group>"; };
		E45D2D1F20F79AAF00BD6E8D /* Info.plist */ = {isa = PBXFileReference; lastKnownFileType = text.plist.xml; path = Info.plist; sourceTree = "<group>"; };
		E45D2D2420F79AAF00BD6E8D /* ProjectUITests.xctest */ = {isa = PBXFileReference; explicitFileType = wrapper.cfbundle; includeInIndex = 0; path = ProjectUITests.xctest; sourceTree = BUILT_PRODUCTS_DIR; };
		E45D2D2820F79AAF00BD6E8D /* ProjectUITests.swift */ = {isa = PBXFileReference; lastKnownFileType = sourcecode.swift; path = ProjectUITests.swift; sourceTree = "<group>"; };
		E45D2D2A20F79AAF00BD6E8D /* Info.plist */ = {isa = PBXFileReference; lastKnownFileType = text.plist.xml; path = Info.plist; sourceTree = "<group>"; };
/* End PBXFileReference section */

/* Begin PBXFrameworksBuildPhase section */
		E45D2D0220F79A8700BD6E8D /* Frameworks */ = {
			isa = PBXFrameworksBuildPhase;
			buildActionMask = 2147483647;
			files = (
			);
			runOnlyForDeploymentPostprocessing = 0;
		};
		E45D2D1620F79AAF00BD6E8D /* Frameworks */ = {
			isa = PBXFrameworksBuildPhase;
			buildActionMask = 2147483647;
			files = (
			);
			runOnlyForDeploymentPostprocessing = 0;
		};
		E45D2D2120F79AAF00BD6E8D /* Frameworks */ = {
			isa = PBXFrameworksBuildPhase;
			buildActionMask = 2147483647;
			files = (
			);
			runOnlyForDeploymentPostprocessing = 0;
		};
/* End PBXFrameworksBuildPhase section */

/* Begin PBXGroup section */
		E45D2CFC20F79A8700BD6E8D = {
			isa = PBXGroup;
			children = (
				E45D2D0720F79A8800BD6E8D /* Project */,
				E45D2D1C20F79AAF00BD6E8D /* ProjectTests */,
				E45D2D2720F79AAF00BD6E8D /* ProjectUITests */,
				E45D2D0620F79A8800BD6E8D /* Products */,
			);
			sourceTree = "<group>";
		};
		E45D2D0620F79A8800BD6E8D /* Products */ = {
			isa = PBXGroup;
			children = (
				E45D2D0520F79A8800BD6E8D /* Project.app */,
				E45D2D1920F79AAF00BD6E8D /* ProjectTests.xctest */,
				E45D2D2420F79AAF00BD6E8D /* ProjectUITests.xctest */,
			);
			name = Products;
			sourceTree = "<group>";
		};
		E45D2D0720F79A8800BD6E8D /* Project */ = {
			isa = PBXGroup;
			children = (
				E45D2D0820F79A8800BD6E8D /* AppDelegate.swift */,
				E45D2D0A20F79A8800BD6E8D /* ViewController.swift */,
				E45D2D0C20F79A8800BD6E8D /* Main.storyboard */,
				E45D2D0F20F79AAE00BD6E8D /* Assets.xcassets */,
				E45D2D1120F79AAE00BD6E8D /* LaunchScreen.storyboard */,
				E45D2D1420F79AAE00BD6E8D /* Info.plist */,
			);
			path = Project;
			sourceTree = "<group>";
		};
		E45D2D1C20F79AAF00BD6E8D /* ProjectTests */ = {
			isa = PBXGroup;
			children = (
				E45D2D1D20F79AAF00BD6E8D /* ProjectTests.swift */,
				E45D2D1F20F79AAF00BD6E8D /* Info.plist */,
			);
			path = ProjectTests;
			sourceTree = "<group>";
		};
		E45D2D2720F79AAF00BD6E8D /* ProjectUITests */ = {
			isa = PBXGroup;
			children = (
				E45D2D2820F79AAF00BD6E8D /* ProjectUITests.swift */,
				E45D2D2A20F79AAF00BD6E8D /* Info.plist */,
			);
			path = ProjectUITests;
			sourceTree = "<group>";
		};
/* End PBXGroup section */

/* Begin PBXNativeTarget section */
		E45D2D0420F79A8700BD6E8D /* Project */ = {
			isa = PBXNativeTarget;
			buildConfigurationList = E45D2D2D20F79AAF00BD6E8D /* Build configuration list for PBXNativeTarget "Project" */;
			buildPhases = (
				E45D2D0120F79A8700BD6E8D /* Sources */,
				E45D2D0220F79A8700BD6E8D /* Frameworks */,
				E45D2D0320F79A8700BD6E8D /* Resources */,
			);
			buildRules = (
			);
			dependencies = (
			);
			name = Project;
			productName = Project;
			productReference = E45D2D0520F79A8800BD6E8D /* Project.app */;
			productType = "com.apple.product-type.application";
		};
		E45D2D1820F79AAF00BD6E8D /* ProjectTests */ = {
			isa = PBXNativeTarget;
			buildConfigurationList = E45D2D3020F79AB000BD6E8D /* Build configuration list for PBXNativeTarget "ProjectTests" */;
			buildPhases = (
				E45D2D1520F79AAF00BD6E8D /* Sources */,
				E45D2D1620F79AAF00BD6E8D /* Frameworks */,
				E45D2D1720F79AAF00BD6E8D /* Resources */,
			);
			buildRules = (
			);
			dependencies = (
				E45D2D1B20F79AAF00BD6E8D /* PBXTargetDependency */,
			);
			name = ProjectTests;
			productName = ProjectTests;
			productReference = E45D2D1920F79AAF00BD6E8D /* ProjectTests.xctest */;
			productType = "com.apple.product-type.bundle.unit-test";
		};
		E45D2D2320F79AAF00BD6E8D /* ProjectUITests */ = {
			isa = PBXNativeTarget;
			buildConfigurationList = E45D2D3320F79AB000BD6E8D /* Build configuration list for PBXNativeTarget "ProjectUITests" */;
			buildPhases = (
				E45D2D2020F79AAF00BD6E8D /* Sources */,
				E45D2D2120F79AAF00BD6E8D /* Frameworks */,
				E45D2D2220F79AAF00BD6E8D /* Resources */,
			);
			buildRules = (
			);
			dependencies = (
				E45D2D2620F79AAF00BD6E8D /* PBXTargetDependency */,
			);
			name = ProjectUITests;
			productName = ProjectUITests;
			productReference = E45D2D2420F79AAF00BD6E8D /* ProjectUITests.xctest */;
			productType = "com.apple.product-type.bundle.ui-testing";
		};
/* End PBXNativeTarget section */

/* Begin PBXProject section */
		E45D2CFD20F79A8700BD6E8D /* Project object */ = {
			isa = PBXProject;
			attributes = {
				LastSwiftUpdateCheck = 0940;
				LastUpgradeCheck = 0940;
				ORGANIZATIONNAME = "Marc Boanas";
				TargetAttributes = {
					E45D2D0420F79A8700BD6E8D = {
						CreatedOnToolsVersion = 9.4.1;
					};
					E45D2D1820F79AAF00BD6E8D = {
						CreatedOnToolsVersion = 9.4.1;
						TestTargetID = E45D2D0420F79A8700BD6E8D;
					};
					E45D2D2320F79AAF00BD6E8D = {
						CreatedOnToolsVersion = 9.4.1;
						TestTargetID = E45D2D0420F79A8700BD6E8D;
					};
				};
			};
			buildConfigurationList = E45D2D0020F79A8700BD6E8D /* Build configuration list for PBXProject "Project" */;
			compatibilityVersion = "Xcode 9.3";
			developmentRegion = en;
			hasScannedForEncodings = 0;
			knownRegions = (
				en,
				Base,
			);
			mainGroup = E45D2CFC20F79A8700BD6E8D;
			productRefGroup = E45D2D0620F79A8800BD6E8D /* Products */;
			projectDirPath = "";
			projectRoot = "";
			targets = (
				E45D2D0420F79A8700BD6E8D /* Project */,
				E45D2D1820F79AAF00BD6E8D /* ProjectTests */,
				E45D2D2320F79AAF00BD6E8D /* ProjectUITests */,
			);
		};
/* End PBXProject section */

/* Begin PBXResourcesBuildPhase section */
		E45D2D0320F79A8700BD6E8D /* Resources */ = {
			isa = PBXResourcesBuildPhase;
			buildActionMask = 2147483647;
			files = (
				E45D2D1320F79AAE00BD6E8D /* LaunchScreen.storyboard in Resources */,
				E45D2D1020F79AAE00BD6E8D /* Assets.xcassets in Resources */,
				E45D2D0E20F79A8800BD6E8D /* Main.storyboard in Resources */,
			);
			runOnlyForDeploymentPostprocessing = 0;
		};
		E45D2D1720F79AAF00BD6E8D /* Resources */ = {
			isa = PBXResourcesBuildPhase;
			buildActionMask = 2147483647;
			files = (
			);
			runOnlyForDeploymentPostprocessing = 0;
		};
		E45D2D2220F79AAF00BD6E8D /* Resources */ = {
			isa = PBXResourcesBuildPhase;
			buildActionMask = 2147483647;
			files = (
			);
			runOnlyForDeploymentPostprocessing = 0;
		};
/* End PBXResourcesBuildPhase section */

/* Begin PBXSourcesBuildPhase section */
		E45D2D0120F79A8700BD6E8D /* Sources */ = {
			isa = PBXSourcesBuildPhase;
			buildActionMask = 2147483647;
			files = (
				E45D2D0B20F79A8800BD6E8D /* ViewController.swift in Sources */,
				E45D2D0920F79A8800BD6E8D /* AppDelegate.swift in Sources */,
			);
			runOnlyForDeploymentPostprocessing = 0;
		};
		E45D2D1520F79AAF00BD6E8D /* Sources */ = {
			isa = PBXSourcesBuildPhase;
			buildActionMask = 2147483647;
			files = (
				E45D2D1E20F79AAF00BD6E8D /* ProjectTests.swift in Sources */,
			);
			runOnlyForDeploymentPostprocessing = 0;
		};
		E45D2D2020F79AAF00BD6E8D /* Sources */ = {
			isa = PBXSourcesBuildPhase;
			buildActionMask = 2147483647;
			files = (
				E45D2D2920F79AAF00BD6E8D /* ProjectUITests.swift in Sources */,
			);
			runOnlyForDeploymentPostprocessing = 0;
		};
/* End PBXSourcesBuildPhase section */

/* Begin PBXTargetDependency section */
		E45D2D1B20F79AAF00BD6E8D /* PBXTargetDependency */ = {
			isa = PBXTargetDependency;
			target = E45D2D0420F79A8700BD6E8D /* Project */;
			targetProxy = E45D2D1A20F79AAF00BD6E8D /* PBXContainerItemProxy */;
		};
		E45D2D2620F79AAF00BD6E8D /* PBXTargetDependency */ = {
			isa = PBXTargetDependency;
			target = E45D2D0420F79A8700BD6E8D /* Project */;
			targetProxy = E45D2D2520F79AAF00BD6E8D /* PBXContainerItemProxy */;
		};
/* End PBXTargetDependency section */

/* Begin PBXVariantGroup section */
		E45D2D0C20F79A8800BD6E8D /* Main.storyboard */ = {
			isa = PBXVariantGroup;
			children = (
				E45D2D0D20F79A8800BD6E8D /* Base */,
			);
			name = Main.storyboard;
			sourceTree = "<group>";
		};
		E45D2D1120F79AAE00BD6E8D /* LaunchScreen.storyboard */ = {
			isa = PBXVariantGroup;
			children = (
				E45D2D1220F79AAE00BD6E8D /* Base */,
			);
			name = LaunchScreen.storyboard;
			sourceTree = "<group>";
		};
/* End PBXVariantGroup section */

/* Begin XCBuildConfiguration section */
		E45D2D2B20F79AAF00BD6E8D /* Debug */ = {
			isa = XCBuildConfiguration;
			buildSettings = {
				ALWAYS_SEARCH_USER_PATHS = NO;
				CLANG_ANALYZER_NONNULL = YES;
				CLANG_ANALYZER_NUMBER_OBJECT_CONVERSION = YES_AGGRESSIVE;
				CLANG_CXX_LANGUAGE_STANDARD = "gnu++14";
				CLANG_CXX_LIBRARY = "libc++";
				CLANG_ENABLE_MODULES = YES;
				CLANG_ENABLE_OBJC_ARC = YES;
				CLANG_ENABLE_OBJC_WEAK = YES;
				CLANG_WARN_BLOCK_CAPTURE_AUTORELEASING = YES;
				CLANG_WARN_BOOL_CONVERSION = YES;
				CLANG_WARN_COMMA = YES;
				CLANG_WARN_CONSTANT_CONVERSION = YES;
				CLANG_WARN_DEPRECATED_OBJC_IMPLEMENTATIONS = YES;
				CLANG_WARN_DIRECT_OBJC_ISA_USAGE = YES_ERROR;
				CLANG_WARN_DOCUMENTATION_COMMENTS = YES;
				CLANG_WARN_EMPTY_BODY = YES;
				CLANG_WARN_ENUM_CONVERSION = YES;
				CLANG_WARN_INFINITE_RECURSION = YES;
				CLANG_WARN_INT_CONVERSION = YES;
				CLANG_WARN_NON_LITERAL_NULL_CONVERSION = YES;
				CLANG_WARN_OBJC_IMPLICIT_RETAIN_SELF = YES;
				CLANG_WARN_OBJC_LITERAL_CONVERSION = YES;
				CLANG_WARN_OBJC_ROOT_CLASS = YES_ERROR;
				CLANG_WARN_RANGE_LOOP_ANALYSIS = YES;
				CLANG_WARN_STRICT_PROTOTYPES = YES;
				CLANG_WARN_SUSPICIOUS_MOVE = YES;
				CLANG_WARN_UNGUARDED_AVAILABILITY = YES_AGGRESSIVE;
				CLANG_WARN_UNREACHABLE_CODE = YES;
				CLANG_WARN__DUPLICATE_METHOD_MATCH = YES;
				CODE_SIGN_IDENTITY = "iPhone Developer";
				COPY_PHASE_STRIP = NO;
				DEBUG_INFORMATION_FORMAT = dwarf;
				ENABLE_STRICT_OBJC_MSGSEND = YES;
				ENABLE_TESTABILITY = YES;
				GCC_C_LANGUAGE_STANDARD = gnu11;
				GCC_DYNAMIC_NO_PIC = NO;
				GCC_NO_COMMON_BLOCKS = YES;
				GCC_OPTIMIZATION_LEVEL = 0;
				GCC_PREPROCESSOR_DEFINITIONS = (
					"DEBUG=1",
					"$(inherited)",
				);
				GCC_WARN_64_TO_32_BIT_CONVERSION = YES;
				GCC_WARN_ABOUT_RETURN_TYPE = YES_ERROR;
				GCC_WARN_UNDECLARED_SELECTOR = YES;
				GCC_WARN_UNINITIALIZED_AUTOS = YES_AGGRESSIVE;
				GCC_WARN_UNUSED_FUNCTION = YES;
				GCC_WARN_UNUSED_VARIABLE = YES;
				IPHONEOS_DEPLOYMENT_TARGET = 11.4;
				MTL_ENABLE_DEBUG_INFO = YES;
				ONLY_ACTIVE_ARCH = YES;
				SDKROOT = iphoneos;
				SWIFT_ACTIVE_COMPILATION_CONDITIONS = DEBUG;
				SWIFT_OPTIMIZATION_LEVEL = "-Onone";
			};
			name = Debug;
		};
		E45D2D2C20F79AAF00BD6E8D /* Release */ = {
			isa = XCBuildConfiguration;
			buildSettings = {
				ALWAYS_SEARCH_USER_PATHS = NO;
				CLANG_ANALYZER_NONNULL = YES;
				CLANG_ANALYZER_NUMBER_OBJECT_CONVERSION = YES_AGGRESSIVE;
				CLANG_CXX_LANGUAGE_STANDARD = "gnu++14";
				CLANG_CXX_LIBRARY = "libc++";
				CLANG_ENABLE_MODULES = YES;
				CLANG_ENABLE_OBJC_ARC = YES;
				CLANG_ENABLE_OBJC_WEAK = YES;
				CLANG_WARN_BLOCK_CAPTURE_AUTORELEASING = YES;
				CLANG_WARN_BOOL_CONVERSION = YES;
				CLANG_WARN_COMMA = YES;
				CLANG_WARN_CONSTANT_CONVERSION = YES;
				CLANG_WARN_DEPRECATED_OBJC_IMPLEMENTATIONS = YES;
				CLANG_WARN_DIRECT_OBJC_ISA_USAGE = YES_ERROR;
				CLANG_WARN_DOCUMENTATION_COMMENTS = YES;
				CLANG_WARN_EMPTY_BODY = YES;
				CLANG_WARN_ENUM_CONVERSION = YES;
				CLANG_WARN_INFINITE_RECURSION = YES;
				CLANG_WARN_INT_CONVERSION = YES;
				CLANG_WARN_NON_LITERAL_NULL_CONVERSION = YES;
				CLANG_WARN_OBJC_IMPLICIT_RETAIN_SELF = YES;
				CLANG_WARN_OBJC_LITERAL_CONVERSION = YES;
				CLANG_WARN_OBJC_ROOT_CLASS = YES_ERROR;
				CLANG_WARN_RANGE_LOOP_ANALYSIS = YES;
				CLANG_WARN_STRICT_PROTOTYPES = YES;
				CLANG_WARN_SUSPICIOUS_MOVE = YES;
				CLANG_WARN_UNGUARDED_AVAILABILITY = YES_AGGRESSIVE;
				CLANG_WARN_UNREACHABLE_CODE = YES;
				CLANG_WARN__DUPLICATE_METHOD_MATCH = YES;
				CODE_SIGN_IDENTITY = "iPhone Developer";
				COPY_PHASE_STRIP = NO;
				DEBUG_INFORMATION_FORMAT = "dwarf-with-dsym";
				ENABLE_NS_ASSERTIONS = NO;
				ENABLE_STRICT_OBJC_MSGSEND = YES;
				GCC_C_LANGUAGE_STANDARD = gnu11;
				GCC_NO_COMMON_BLOCKS = YES;
				GCC_WARN_64_TO_32_BIT_CONVERSION = YES;
				GCC_WARN_ABOUT_RETURN_TYPE = YES_ERROR;
				GCC_WARN_UNDECLARED_SELECTOR = YES;
				GCC_WARN_UNINITIALIZED_AUTOS = YES_AGGRESSIVE;
				GCC_WARN_UNUSED_FUNCTION = YES;
				GCC_WARN_UNUSED_VARIABLE = YES;
				IPHONEOS_DEPLOYMENT_TARGET = 11.4;
				MTL_ENABLE_DEBUG_INFO = NO;
				SDKROOT = iphoneos;
				SWIFT_COMPILATION_MODE = wholemodule;
				SWIFT_OPTIMIZATION_LEVEL = "-O";
				VALIDATE_PRODUCT = YES;
			};
			name = Release;
		};
		E45D2D2E20F79AAF00BD6E8D /* Debug */ = {
			isa = XCBuildConfiguration;
			buildSettings = {
				ASSETCATALOG_COMPILER_APPICON_NAME = AppIcon;
				CODE_SIGN_STYLE = Automatic;
				DEVELOPMENT_TEAM = KC3W5NG592;
				INFOPLIST_FILE = Project/Info.plist;
				LD_RUNPATH_SEARCH_PATHS = (
					"$(inherited)",
					"@executable_path/Frameworks",
				);
				PRODUCT_BUNDLE_IDENTIFIER = Boanas.Marc.Project;
				PRODUCT_NAME = "$(TARGET_NAME)";
				SWIFT_VERSION = 4.0;
				TARGETED_DEVICE_FAMILY = "1,2";
			};
			name = Debug;
		};
		E45D2D2F20F79AAF00BD6E8D /* Release */ = {
			isa = XCBuildConfiguration;
			buildSettings = {
				ASSETCATALOG_COMPILER_APPICON_NAME = AppIcon;
				CODE_SIGN_STYLE = Automatic;
				DEVELOPMENT_TEAM = KC3W5NG592;
				INFOPLIST_FILE = Project/Info.plist;
				LD_RUNPATH_SEARCH_PATHS = (
					"$(inherited)",
					"@executable_path/Frameworks",
				);
				PRODUCT_BUNDLE_IDENTIFIER = Boanas.Marc.Project;
				PRODUCT_NAME = "$(TARGET_NAME)";
				SWIFT_VERSION = 4.0;
				TARGETED_DEVICE_FAMILY = "1,2";
			};
			name = Release;
		};
		E45D2D3120F79AB000BD6E8D /* Debug */ = {
			isa = XCBuildConfiguration;
			buildSettings = {
				ALWAYS_EMBED_SWIFT_STANDARD_LIBRARIES = YES;
				BUNDLE_LOADER = "$(TEST_HOST)";
				CODE_SIGN_STYLE = Automatic;
				DEVELOPMENT_TEAM = KC3W5NG592;
				INFOPLIST_FILE = ProjectTests/Info.plist;
				LD_RUNPATH_SEARCH_PATHS = (
					"$(inherited)",
					"@executable_path/Frameworks",
					"@loader_path/Frameworks",
				);
				PRODUCT_BUNDLE_IDENTIFIER = Boanas.Marc.ProjectTests;
				PRODUCT_NAME = "$(TARGET_NAME)";
				SWIFT_VERSION = 4.0;
				TARGETED_DEVICE_FAMILY = "1,2";
				TEST_HOST = "$(BUILT_PRODUCTS_DIR)/Project.app/Project";
			};
			name = Debug;
		};
		E45D2D3220F79AB000BD6E8D /* Release */ = {
			isa = XCBuildConfiguration;
			buildSettings = {
				ALWAYS_EMBED_SWIFT_STANDARD_LIBRARIES = YES;
				BUNDLE_LOADER = "$(TEST_HOST)";
				CODE_SIGN_STYLE = Automatic;
				DEVELOPMENT_TEAM = KC3W5NG592;
				INFOPLIST_FILE = ProjectTests/Info.plist;
				LD_RUNPATH_SEARCH_PATHS = (
					"$(inherited)",
					"@executable_path/Frameworks",
					"@loader_path/Frameworks",
				);
				PRODUCT_BUNDLE_IDENTIFIER = Boanas.Marc.ProjectTests;
				PRODUCT_NAME = "$(TARGET_NAME)";
				SWIFT_VERSION = 4.0;
				TARGETED_DEVICE_FAMILY = "1,2";
				TEST_HOST = "$(BUILT_PRODUCTS_DIR)/Project.app/Project";
			};
			name = Release;
		};
		E45D2D3420F79AB000BD6E8D /* Debug */ = {
			isa = XCBuildConfiguration;
			buildSettings = {
				ALWAYS_EMBED_SWIFT_STANDARD_LIBRARIES = YES;
				CODE_SIGN_STYLE = Automatic;
				DEVELOPMENT_TEAM = KC3W5NG592;
				INFOPLIST_FILE = ProjectUITests/Info.plist;
				LD_RUNPATH_SEARCH_PATHS = (
					"$(inherited)",
					"@executable_path/Frameworks",
					"@loader_path/Frameworks",
				);
				PRODUCT_BUNDLE_IDENTIFIER = Boanas.Marc.ProjectUITests;
				PRODUCT_NAME = "$(TARGET_NAME)";
				SWIFT_VERSION = 4.0;
				TARGETED_DEVICE_FAMILY = "1,2";
				TEST_TARGET_NAME = Project;
			};
			name = Debug;
		};
		E45D2D3520F79AB000BD6E8D /* Release */ = {
			isa = XCBuildConfiguration;
			buildSettings = {
				ALWAYS_EMBED_SWIFT_STANDARD_LIBRARIES = YES;
				CODE_SIGN_STYLE = Automatic;
				DEVELOPMENT_TEAM = KC3W5NG592;
				INFOPLIST_FILE = ProjectUITests/Info.plist;
				LD_RUNPATH_SEARCH_PATHS = (
					"$(inherited)",
					"@executable_path/Frameworks",
					"@loader_path/Frameworks",
				);
				PRODUCT_BUNDLE_IDENTIFIER = Boanas.Marc.ProjectUITests;
				PRODUCT_NAME = "$(TARGET_NAME)";
				SWIFT_VERSION = 4.0;
				TARGETED_DEVICE_FAMILY = "1,2";
				TEST_TARGET_NAME = Project;
			};
			name = Release;
		};
/* End XCBuildConfiguration section */

/* Begin XCConfigurationList section */
		E45D2D0020F79A8700BD6E8D /* Build configuration list for PBXProject "Project" */ = {
			isa = XCConfigurationList;
			buildConfigurations = (
				E45D2D2B20F79AAF00BD6E8D /* Debug */,
				E45D2D2C20F79AAF00BD6E8D /* Release */,
			);
			defaultConfigurationIsVisible = 0;
			defaultConfigurationName = Release;
		};
		E45D2D2D20F79AAF00BD6E8D /* Build configuration list for PBXNativeTarget "Project" */ = {
			isa = XCConfigurationList;
			buildConfigurations = (
				E45D2D2E20F79AAF00BD6E8D /* Debug */,
				E45D2D2F20F79AAF00BD6E8D /* Release */,
			);
			defaultConfigurationIsVisible = 0;
			defaultConfigurationName = Release;
		};
		E45D2D3020F79AB000BD6E8D /* Build configuration list for PBXNativeTarget "ProjectTests" */ = {
			isa = XCConfigurationList;
			buildConfigurations = (
				E45D2D3120F79AB000BD6E8D /* Debug */,
				E45D2D3220F79AB000BD6E8D /* Release */,
			);
			defaultConfigurationIsVisible = 0;
			defaultConfigurationName = Release;
		};
		E45D2D3320F79AB000BD6E8D /* Build configuration list for PBXNativeTarget "ProjectUITests" */ = {
			isa = XCConfigurationList;
			buildConfigurations = (
				E45D2D3420F79AB000BD6E8D /* Debug */,
				E45D2D3520F79AB000BD6E8D /* Release */,
			);
			defaultConfigurationIsVisible = 0;
			defaultConfigurationName = Release;
		};
/* End XCConfigurationList section */
	};
	rootObject = E45D2CFD20F79A8700BD6E8D /* Project object */;
}
